
Microsoft Visual Studio Solution File, Format Version 12.00
# Visual Studio Version 17
VisualStudioVersion = 17.0.31903.59
MinimumVisualStudioVersion = 10.0.40219.1
Project("{2150E333-8FDC-42A3-9474-1A3956D46DE8}") = "src", "src", "{2B700FD5-816A-4DCA-93C1-2A7E26D99359}"
EndProject
Project("{FAE04EC0-301F-11D3-BF4B-00C04F79EFBC}") = "DocumentsApi.Api", "src\DocumentsApi.Api\DocumentsApi.Api.csproj", "{7D54C839-EBC3-4F29-BF93-14D0FBA8F292}"
EndProject
Project("{FAE04EC0-301F-11D3-BF4B-00C04F79EFBC}") = "DocumentsApi.Core", "src\DocumentsApi.Core\DocumentsApi.Core.csproj", "{92AF842D-B207-483E-887A-567A2CC4DBA5}"
EndProject
Project("{2150E333-8FDC-42A3-9474-1A3956D46DE8}") = "tests", "tests", "{3F1AEBF1-3C8F-471B-B877-4EFE4D4D4E3D}"
EndProject
Project("{FAE04EC0-301F-11D3-BF4B-00C04F79EFBC}") = "DocumentsApi.Api.Tests", "tests\DocumentsApi.Api.Tests\DocumentsApi.Api.Tests.csproj", "{35734049-E08D-44B5-8959-7703C5D8F7BF}"
EndProject
Global
	GlobalSection(SolutionConfigurationPlatforms) = preSolution
		Debug|Any CPU = Debug|Any CPU
		Release|Any CPU = Release|Any CPU
	EndGlobalSection
	GlobalSection(SolutionProperties) = preSolution
		HideSolutionNode = FALSE
	EndGlobalSection
	GlobalSection(ProjectConfigurationPlatforms) = postSolution
		{7D54C839-EBC3-4F29-BF93-14D0FBA8F292}.Debug|Any CPU.ActiveCfg = Debug|Any CPU
		{7D54C839-EBC3-4F29-BF93-14D0FBA8F292}.Debug|Any CPU.Build.0 = Debug|Any CPU
		{7D54C839-EBC3-4F29-BF93-14D0FBA8F292}.Release|Any CPU.ActiveCfg = Release|Any CPU
		{7D54C839-EBC3-4F29-BF93-14D0FBA8F292}.Release|Any CPU.Build.0 = Release|Any CPU
		{92AF842D-B207-483E-887A-567A2CC4DBA5}.Debug|Any CPU.ActiveCfg = Debug|Any CPU
		{92AF842D-B207-483E-887A-567A2CC4DBA5}.Debug|Any CPU.Build.0 = Debug|Any CPU
		{92AF842D-B207-483E-887A-567A2CC4DBA5}.Release|Any CPU.ActiveCfg = Release|Any CPU
		{92AF842D-B207-483E-887A-567A2CC4DBA5}.Release|Any CPU.Build.0 = Release|Any CPU
		{35734049-E08D-44B5-8959-7703C5D8F7BF}.Debug|Any CPU.ActiveCfg = Debug|Any CPU
		{35734049-E08D-44B5-8959-7703C5D8F7BF}.Debug|Any CPU.Build.0 = Debug|Any CPU
		{35734049-E08D-44B5-8959-7703C5D8F7BF}.Release|Any CPU.ActiveCfg = Release|Any CPU
		{35734049-E08D-44B5-8959-7703C5D8F7BF}.Release|Any CPU.Build.0 = Release|Any CPU
	EndGlobalSection
	GlobalSection(NestedProjects) = preSolution
		{7D54C839-EBC3-4F29-BF93-14D0FBA8F292} = {2B700FD5-816A-4DCA-93C1-2A7E26D99359}
		{92AF842D-B207-483E-887A-567A2CC4DBA5} = {2B700FD5-816A-4DCA-93C1-2A7E26D99359}
		{35734049-E08D-44B5-8959-7703C5D8F7BF} = {3F1AEBF1-3C8F-471B-B877-4EFE4D4D4E3D}
	EndGlobalSection
EndGlobal
